
Microsoft Visual Studio Solution File, Format Version 12.00
# Visual Studio 2013
VisualStudioVersion = 12.0.30501.0
MinimumVisualStudioVersion = 10.0.40219.1
Project("{F184B08F-C81C-45F6-A57F-5ABD9991F28F}") = "CSCI1620Lab5B", "CSCI1620Lab5B\CSCI1620Lab5B.vbproj", "{6379A90A-6015-4BE8-875B-F808EE2E445D}"
EndProject
Global
	GlobalSection(SolutionConfigurationPlatforms) = preSolution
		Debug|Any CPU = Debug|Any CPU
		Release|Any CPU = Release|Any CPU
	EndGlobalSection
	GlobalSection(ProjectConfigurationPlatforms) = postSolution
		{6379A90A-6015-4BE8-875B-F808EE2E445D}.Debug|Any CPU.ActiveCfg = Debug|Any CPU
		{6379A90A-6015-4BE8-875B-F808EE2E445D}.Debug|Any CPU.Build.0 = Debug|Any CPU
		{6379A90A-6015-4BE8-875B-F808EE2E445D}.Release|Any CPU.ActiveCfg = Release|Any CPU
		{6379A90A-6015-4BE8-875B-F808EE2E445D}.Release|Any CPU.Build.0 = Release|Any CPU
	EndGlobalSection
	GlobalSection(SolutionProperties) = preSolution
		HideSolutionNode = FALSE
	EndGlobalSection
EndGlobal
